
Microsoft Visual Studio Solution File, Format Version 12.00
# Visual Studio Version 17
VisualStudioVersion = 17.4.33110.190
MinimumVisualStudioVersion = 10.0.40219.1
Project("{2150E333-8FDC-42A3-9474-1A3956D46DE8}") = "FrontEnd", "FrontEnd", "{7D484576-FC1F-442C-B9E4-61B5EEAE53DB}"
EndProject
Project("{FAE04EC0-301F-11D3-BF4B-00C04F79EFBC}") = "Mango.Web", "Mango.Web\Mango.Web.csproj", "{65B7C1F3-54F5-4C4A-B9D4-1CBFF5B8FCC9}"
EndProject
Project("{2150E333-8FDC-42A3-9474-1A3956D46DE8}") = "Services", "Services", "{A785F7BE-CC02-42E5-B285-3F538BE9AD07}"
EndProject
Project("{FAE04EC0-301F-11D3-BF4B-00C04F79EFBC}") = "Mango.Services.ProductAPI", "Mango.Services.ProductAPI\Mango.Services.ProductAPI.csproj", "{6D6FCF52-4B7C-4504-A9CB-46FF2D170E35}"
EndProject
Global
	GlobalSection(SolutionConfigurationPlatforms) = preSolution
		Debug|Any CPU = Debug|Any CPU
		Release|Any CPU = Release|Any CPU
	EndGlobalSection
	GlobalSection(ProjectConfigurationPlatforms) = postSolution
		{65B7C1F3-54F5-4C4A-B9D4-1CBFF5B8FCC9}.Debug|Any CPU.ActiveCfg = Debug|Any CPU
		{65B7C1F3-54F5-4C4A-B9D4-1CBFF5B8FCC9}.Debug|Any CPU.Build.0 = Debug|Any CPU
		{65B7C1F3-54F5-4C4A-B9D4-1CBFF5B8FCC9}.Release|Any CPU.ActiveCfg = Release|Any CPU
		{65B7C1F3-54F5-4C4A-B9D4-1CBFF5B8FCC9}.Release|Any CPU.Build.0 = Release|Any CPU
		{6D6FCF52-4B7C-4504-A9CB-46FF2D170E35}.Debug|Any CPU.ActiveCfg = Debug|Any CPU
		{6D6FCF52-4B7C-4504-A9CB-46FF2D170E35}.Debug|Any CPU.Build.0 = Debug|Any CPU
		{6D6FCF52-4B7C-4504-A9CB-46FF2D170E35}.Release|Any CPU.ActiveCfg = Release|Any CPU
		{6D6FCF52-4B7C-4504-A9CB-46FF2D170E35}.Release|Any CPU.Build.0 = Release|Any CPU
	EndGlobalSection
	GlobalSection(SolutionProperties) = preSolution
		HideSolutionNode = FALSE
	EndGlobalSection
	GlobalSection(NestedProjects) = preSolution
		{65B7C1F3-54F5-4C4A-B9D4-1CBFF5B8FCC9} = {7D484576-FC1F-442C-B9E4-61B5EEAE53DB}
		{6D6FCF52-4B7C-4504-A9CB-46FF2D170E35} = {A785F7BE-CC02-42E5-B285-3F538BE9AD07}
	EndGlobalSection
	GlobalSection(ExtensibilityGlobals) = postSolution
		SolutionGuid = {33C3AC44-E292-44C5-8F36-8216D14F2808}
	EndGlobalSection
EndGlobal
